// !$*UTF8*$!
{
	archiveVersion = 1;
	classes = {
	};
	objectVersion = 50;
	objects = {

/* Begin PBXBuildFile section */
		1A16034D2701E5EB00C9F81E /* AppDelegate.swift in Sources */ = {isa = PBXBuildFile; fileRef = 1A16034C2701E5EB00C9F81E /* AppDelegate.swift */; };
		1A16034F2701E5EB00C9F81E /* SceneDelegate.swift in Sources */ = {isa = PBXBuildFile; fileRef = 1A16034E2701E5EB00C9F81E /* SceneDelegate.swift */; };
		1A1603512701E5EB00C9F81E /* ViewController.swift in Sources */ = {isa = PBXBuildFile; fileRef = 1A1603502701E5EB00C9F81E /* ViewController.swift */; };
		1A1603542701E5EB00C9F81E /* Main.storyboard in Resources */ = {isa = PBXBuildFile; fileRef = 1A1603522701E5EB00C9F81E /* Main.storyboard */; };
		1A1603562701E5EC00C9F81E /* Assets.xcassets in Resources */ = {isa = PBXBuildFile; fileRef = 1A1603552701E5EC00C9F81E /* Assets.xcassets */; };
		1A1603592701E5EC00C9F81E /* LaunchScreen.storyboard in Resources */ = {isa = PBXBuildFile; fileRef = 1A1603572701E5EC00C9F81E /* LaunchScreen.storyboard */; };
		1A60F7192704C01900D4DBC7 /* MainTableViewCell.swift in Sources */ = {isa = PBXBuildFile; fileRef = 1A60F7172704C01900D4DBC7 /* MainTableViewCell.swift */; };
		1A60F71A2704C01900D4DBC7 /* MainTableViewCell.xib in Resources */ = {isa = PBXBuildFile; fileRef = 1A60F7182704C01900D4DBC7 /* MainTableViewCell.xib */; };
		1AE3C7712704D98700378DD7 /* quiz3.csv in Resources */ = {isa = PBXBuildFile; fileRef = 1AE3C7702704D98700378DD7 /* quiz3.csv */; };
		1AE3C7732704D9BD00378DD7 /* quiz4.csv in Resources */ = {isa = PBXBuildFile; fileRef = 1AE3C7722704D9BD00378DD7 /* quiz4.csv */; };
		1AE3C7752704D9D000378DD7 /* quiz5.csv in Resources */ = {isa = PBXBuildFile; fileRef = 1AE3C7742704D9D000378DD7 /* quiz5.csv */; };
		1AF059D2270232210071F830 /* QuizViewController.swift in Sources */ = {isa = PBXBuildFile; fileRef = 1AF059D1270232210071F830 /* QuizViewController.swift */; };
		1AF059D42702337B0071F830 /* ScoreViewController.swift in Sources */ = {isa = PBXBuildFile; fileRef = 1AF059D32702337B0071F830 /* ScoreViewController.swift */; };
		1AF059D627028B0C0071F830 /* quiz1.csv in Resources */ = {isa = PBXBuildFile; fileRef = 1AF059D527028B0C0071F830 /* quiz1.csv */; };
		1AF059DD270297D80071F830 /* SelectLevelViewController.swift in Sources */ = {isa = PBXBuildFile; fileRef = 1AF059DC270297D80071F830 /* SelectLevelViewController.swift */; };
		1AF059DF2702C20F0071F830 /* quiz2.csv in Resources */ = {isa = PBXBuildFile; fileRef = 1AF059DE2702C20F0071F830 /* quiz2.csv */; };
/* End PBXBuildFile section */

/* Begin PBXFileReference section */
		1A1603492701E5EB00C9F81E /* CarQuizApp.app */ = {isa = PBXFileReference; explicitFileType = wrapper.application; includeInIndex = 0; path = CarQuizApp.app; sourceTree = BUILT_PRODUCTS_DIR; };
		1A16034C2701E5EB00C9F81E /* AppDelegate.swift */ = {isa = PBXFileReference; lastKnownFileType = sourcecode.swift; path = AppDelegate.swift; sourceTree = "<group>"; };
		1A16034E2701E5EB00C9F81E /* SceneDelegate.swift */ = {isa = PBXFileReference; lastKnownFileType = sourcecode.swift; path = SceneDelegate.swift; sourceTree = "<group>"; };
		1A1603502701E5EB00C9F81E /* ViewController.swift */ = {isa = PBXFileReference; lastKnownFileType = sourcecode.swift; path = ViewController.swift; sourceTree = "<group>"; };
		1A1603532701E5EB00C9F81E /* Base */ = {isa = PBXFileReference; lastKnownFileType = file.storyboard; name = Base; path = Base.lproj/Main.storyboard; sourceTree = "<group>"; };
		1A1603552701E5EC00C9F81E /* Assets.xcassets */ = {isa = PBXFileReference; lastKnownFileType = folder.assetcatalog; path = Assets.xcassets; sourceTree = "<group>"; };
		1A1603582701E5EC00C9F81E /* Base */ = {isa = PBXFileReference; lastKnownFileType = file.storyboard; name = Base; path = Base.lproj/LaunchScreen.storyboard; sourceTree = "<group>"; };
		1A16035A2701E5EC00C9F81E /* Info.plist */ = {isa = PBXFileReference; lastKnownFileType = text.plist.xml; path = Info.plist; sourceTree = "<group>"; };
		1A60F7172704C01900D4DBC7 /* MainTableViewCell.swift */ = {isa = PBXFileReference; lastKnownFileType = sourcecode.swift; path = MainTableViewCell.swift; sourceTree = "<group>"; };
		1A60F7182704C01900D4DBC7 /* MainTableViewCell.xib */ = {isa = PBXFileReference; lastKnownFileType = file.xib; path = MainTableViewCell.xib; sourceTree = "<group>"; };
		1AE3C7702704D98700378DD7 /* quiz3.csv */ = {isa = PBXFileReference; lastKnownFileType = text; path = quiz3.csv; sourceTree = "<group>"; };
		1AE3C7722704D9BD00378DD7 /* quiz4.csv */ = {isa = PBXFileReference; lastKnownFileType = text; path = quiz4.csv; sourceTree = "<group>"; };
		1AE3C7742704D9D000378DD7 /* quiz5.csv */ = {isa = PBXFileReference; lastKnownFileType = text; path = quiz5.csv; sourceTree = "<group>"; };
		1AF059D1270232210071F830 /* QuizViewController.swift */ = {isa = PBXFileReference; lastKnownFileType = sourcecode.swift; path = QuizViewController.swift; sourceTree = "<group>"; };
		1AF059D32702337B0071F830 /* ScoreViewController.swift */ = {isa = PBXFileReference; lastKnownFileType = sourcecode.swift; path = ScoreViewController.swift; sourceTree = "<group>"; };
		1AF059D527028B0C0071F830 /* quiz1.csv */ = {isa = PBXFileReference; lastKnownFileType = text; path = quiz1.csv; sourceTree = "<group>"; };
		1AF059DC270297D80071F830 /* SelectLevelViewController.swift */ = {isa = PBXFileReference; lastKnownFileType = sourcecode.swift; path = SelectLevelViewController.swift; sourceTree = "<group>"; };
		1AF059DE2702C20F0071F830 /* quiz2.csv */ = {isa = PBXFileReference; lastKnownFileType = text; path = quiz2.csv; sourceTree = "<group>"; };
/* End PBXFileReference section */

/* Begin PBXFrameworksBuildPhase section */
		1A1603462701E5EB00C9F81E /* Frameworks */ = {
			isa = PBXFrameworksBuildPhase;
			buildActionMask = 2147483647;
			files = (
			);
			runOnlyForDeploymentPostprocessing = 0;
		};
/* End PBXFrameworksBuildPhase section */

/* Begin PBXGroup section */
		1A1603402701E5EB00C9F81E = {
			isa = PBXGroup;
			children = (
				1A16034B2701E5EB00C9F81E /* CarQuizApp */,
				1A16034A2701E5EB00C9F81E /* Products */,
			);
			sourceTree = "<group>";
		};
		1A16034A2701E5EB00C9F81E /* Products */ = {
			isa = PBXGroup;
			children = (
				1A1603492701E5EB00C9F81E /* CarQuizApp.app */,
			);
			name = Products;
			sourceTree = "<group>";
		};
		1A16034B2701E5EB00C9F81E /* CarQuizApp */ = {
			isa = PBXGroup;
			children = (
				1A16034C2701E5EB00C9F81E /* AppDelegate.swift */,
				1A16034E2701E5EB00C9F81E /* SceneDelegate.swift */,
				1A1603522701E5EB00C9F81E /* Main.storyboard */,
				1A1603502701E5EB00C9F81E /* ViewController.swift */,
				1AF059DC270297D80071F830 /* SelectLevelViewController.swift */,
				1AF059D1270232210071F830 /* QuizViewController.swift */,
				1AF059D32702337B0071F830 /* ScoreViewController.swift */,
				1A60F7182704C01900D4DBC7 /* MainTableViewCell.xib */,
				1A60F7172704C01900D4DBC7 /* MainTableViewCell.swift */,
				1A8CCE2E27168FEE003F9505 /* csv */,
				1A1603552701E5EC00C9F81E /* Assets.xcassets */,
				1A1603572701E5EC00C9F81E /* LaunchScreen.storyboard */,
				1A16035A2701E5EC00C9F81E /* Info.plist */,
			);
			path = CarQuizApp;
			sourceTree = "<group>";
		};
		1A8CCE2E27168FEE003F9505 /* csv */ = {
			isa = PBXGroup;
			children = (
				1AF059D527028B0C0071F830 /* quiz1.csv */,
				1AF059DE2702C20F0071F830 /* quiz2.csv */,
				1AE3C7702704D98700378DD7 /* quiz3.csv */,
				1AE3C7722704D9BD00378DD7 /* quiz4.csv */,
				1AE3C7742704D9D000378DD7 /* quiz5.csv */,
			);
			path = csv;
			sourceTree = "<group>";
		};
/* End PBXGroup section */

/* Begin PBXNativeTarget section */
		1A1603482701E5EB00C9F81E /* CarQuizApp */ = {
			isa = PBXNativeTarget;
			buildConfigurationList = 1A16035D2701E5EC00C9F81E /* Build configuration list for PBXNativeTarget "CarQuizApp" */;
			buildPhases = (
				1A1603452701E5EB00C9F81E /* Sources */,
				1A1603462701E5EB00C9F81E /* Frameworks */,
				1A1603472701E5EB00C9F81E /* Resources */,
			);
			buildRules = (
			);
			dependencies = (
			);
			name = CarQuizApp;
			productName = CarQuizApp;
			productReference = 1A1603492701E5EB00C9F81E /* CarQuizApp.app */;
			productType = "com.apple.product-type.application";
		};
/* End PBXNativeTarget section */

/* Begin PBXProject section */
		1A1603412701E5EB00C9F81E /* Project object */ = {
			isa = PBXProject;
			attributes = {
				LastSwiftUpdateCheck = 1250;
				LastUpgradeCheck = 1250;
				TargetAttributes = {
					1A1603482701E5EB00C9F81E = {
						CreatedOnToolsVersion = 12.5.1;
					};
				};
			};
			buildConfigurationList = 1A1603442701E5EB00C9F81E /* Build configuration list for PBXProject "CarQuizApp" */;
			compatibilityVersion = "Xcode 9.3";
			developmentRegion = ja;
			hasScannedForEncodings = 0;
			knownRegions = (
				ja,
				Base,
			);
			mainGroup = 1A1603402701E5EB00C9F81E;
			productRefGroup = 1A16034A2701E5EB00C9F81E /* Products */;
			projectDirPath = "";
			projectRoot = "";
			targets = (
				1A1603482701E5EB00C9F81E /* CarQuizApp */,
			);
		};
/* End PBXProject section */

/* Begin PBXResourcesBuildPhase section */
		1A1603472701E5EB00C9F81E /* Resources */ = {
			isa = PBXResourcesBuildPhase;
			buildActionMask = 2147483647;
			files = (
				1AF059DF2702C20F0071F830 /* quiz2.csv in Resources */,
				1A60F71A2704C01900D4DBC7 /* MainTableViewCell.xib in Resources */,
				1A1603592701E5EC00C9F81E /* LaunchScreen.storyboard in Resources */,
				1A1603562701E5EC00C9F81E /* Assets.xcassets in Resources */,
				1AE3C7712704D98700378DD7 /* quiz3.csv in Resources */,
				1AE3C7732704D9BD00378DD7 /* quiz4.csv in Resources */,
				1A1603542701E5EB00C9F81E /* Main.storyboard in Resources */,
				1AE3C7752704D9D000378DD7 /* quiz5.csv in Resources */,
				1AF059D627028B0C0071F830 /* quiz1.csv in Resources */,
			);
			runOnlyForDeploymentPostprocessing = 0;
		};
/* End PBXResourcesBuildPhase section */

/* Begin PBXSourcesBuildPhase section */
		1A1603452701E5EB00C9F81E /* Sources */ = {
			isa = PBXSourcesBuildPhase;
			buildActionMask = 2147483647;
			files = (
				1A1603512701E5EB00C9F81E /* ViewController.swift in Sources */,
				1A16034D2701E5EB00C9F81E /* AppDelegate.swift in Sources */,
				1AF059D42702337B0071F830 /* ScoreViewController.swift in Sources */,
				1A60F7192704C01900D4DBC7 /* MainTableViewCell.swift in Sources */,
				1A16034F2701E5EB00C9F81E /* SceneDelegate.swift in Sources */,
				1AF059D2270232210071F830 /* QuizViewController.swift in Sources */,
				1AF059DD270297D80071F830 /* SelectLevelViewController.swift in Sources */,
			);
			runOnlyForDeploymentPostprocessing = 0;
		};
/* End PBXSourcesBuildPhase section */

/* Begin PBXVariantGroup section */
		1A1603522701E5EB00C9F81E /* Main.storyboard */ = {
			isa = PBXVariantGroup;
			children = (
				1A1603532701E5EB00C9F81E /* Base */,
			);
			name = Main.storyboard;
			sourceTree = "<group>";
		};
		1A1603572701E5EC00C9F81E /* LaunchScreen.storyboard */ = {
			isa = PBXVariantGroup;
			children = (
				1A1603582701E5EC00C9F81E /* Base */,
			);
			name = LaunchScreen.storyboard;
			sourceTree = "<group>";
		};
/* End PBXVariantGroup section */

/* Begin XCBuildConfiguration section */
		1A16035B2701E5EC00C9F81E /* Debug */ = {
			isa = XCBuildConfiguration;
			buildSettings = {
				ALWAYS_SEARCH_USER_PATHS = NO;
				CLANG_ANALYZER_LOCALIZABILITY_NONLOCALIZED = YES;
				CLANG_ANALYZER_NONNULL = YES;
				CLANG_ANALYZER_NUMBER_OBJECT_CONVERSION = YES_AGGRESSIVE;
				CLANG_CXX_LANGUAGE_STANDARD = "gnu++14";
				CLANG_CXX_LIBRARY = "libc++";
				CLANG_ENABLE_MODULES = YES;
				CLANG_ENABLE_OBJC_ARC = YES;
				CLANG_ENABLE_OBJC_WEAK = YES;
				CLANG_WARN_BLOCK_CAPTURE_AUTORELEASING = YES;
				CLANG_WARN_BOOL_CONVERSION = YES;
				CLANG_WARN_COMMA = YES;
				CLANG_WARN_CONSTANT_CONVERSION = YES;
				CLANG_WARN_DEPRECATED_OBJC_IMPLEMENTATIONS = YES;
				CLANG_WARN_DIRECT_OBJC_ISA_USAGE = YES_ERROR;
				CLANG_WARN_DOCUMENTATION_COMMENTS = YES;
				CLANG_WARN_EMPTY_BODY = YES;
				CLANG_WARN_ENUM_CONVERSION = YES;
				CLANG_WARN_INFINITE_RECURSION = YES;
				CLANG_WARN_INT_CONVERSION = YES;
				CLANG_WARN_NON_LITERAL_NULL_CONVERSION = YES;
				CLANG_WARN_OBJC_IMPLICIT_RETAIN_SELF = YES;
				CLANG_WARN_OBJC_LITERAL_CONVERSION = YES;
				CLANG_WARN_OBJC_ROOT_CLASS = YES_ERROR;
				CLANG_WARN_QUOTED_INCLUDE_IN_FRAMEWORK_HEADER = YES;
				CLANG_WARN_RANGE_LOOP_ANALYSIS = YES;
				CLANG_WARN_STRICT_PROTOTYPES = YES;
				CLANG_WARN_SUSPICIOUS_MOVE = YES;
				CLANG_WARN_UNGUARDED_AVAILABILITY = YES_AGGRESSIVE;
				CLANG_WARN_UNREACHABLE_CODE = YES;
				CLANG_WARN__DUPLICATE_METHOD_MATCH = YES;
				COPY_PHASE_STRIP = NO;
				DEBUG_INFORMATION_FORMAT = dwarf;
				ENABLE_STRICT_OBJC_MSGSEND = YES;
				ENABLE_TESTABILITY = YES;
				GCC_C_LANGUAGE_STANDARD = gnu11;
				GCC_DYNAMIC_NO_PIC = NO;
				GCC_NO_COMMON_BLOCKS = YES;
				GCC_OPTIMIZATION_LEVEL = 0;
				GCC_PREPROCESSOR_DEFINITIONS = (
					"DEBUG=1",
					"$(inherited)",
				);
				GCC_WARN_64_TO_32_BIT_CONVERSION = YES;
				GCC_WARN_ABOUT_RETURN_TYPE = YES_ERROR;
				GCC_WARN_UNDECLARED_SELECTOR = YES;
				GCC_WARN_UNINITIALIZED_AUTOS = YES_AGGRESSIVE;
				GCC_WARN_UNUSED_FUNCTION = YES;
				GCC_WARN_UNUSED_VARIABLE = YES;
				IPHONEOS_DEPLOYMENT_TARGET = 14.5;
				MTL_ENABLE_DEBUG_INFO = INCLUDE_SOURCE;
				MTL_FAST_MATH = YES;
				ONLY_ACTIVE_ARCH = YES;
				SDKROOT = iphoneos;
				SWIFT_ACTIVE_COMPILATION_CONDITIONS = DEBUG;
				SWIFT_OPTIMIZATION_LEVEL = "-Onone";
			};
			name = Debug;
		};
		1A16035C2701E5EC00C9F81E /* Release */ = {
			isa = XCBuildConfiguration;
			buildSettings = {
				ALWAYS_SEARCH_USER_PATHS = NO;
				CLANG_ANALYZER_LOCALIZABILITY_NONLOCALIZED = YES;
				CLANG_ANALYZER_NONNULL = YES;
				CLANG_ANALYZER_NUMBER_OBJECT_CONVERSION = YES_AGGRESSIVE;
				CLANG_CXX_LANGUAGE_STANDARD = "gnu++14";
				CLANG_CXX_LIBRARY = "libc++";
				CLANG_ENABLE_MODULES = YES;
				CLANG_ENABLE_OBJC_ARC = YES;
				CLANG_ENABLE_OBJC_WEAK = YES;
				CLANG_WARN_BLOCK_CAPTURE_AUTORELEASING = YES;
				CLANG_WARN_BOOL_CONVERSION = YES;
				CLANG_WARN_COMMA = YES;
				CLANG_WARN_CONSTANT_CONVERSION = YES;
				CLANG_WARN_DEPRECATED_OBJC_IMPLEMENTATIONS = YES;
				CLANG_WARN_DIRECT_OBJC_ISA_USAGE = YES_ERROR;
				CLANG_WARN_DOCUMENTATION_COMMENTS = YES;
				CLANG_WARN_EMPTY_BODY = YES;
				CLANG_WARN_ENUM_CONVERSION = YES;
				CLANG_WARN_INFINITE_RECURSION = YES;
				CLANG_WARN_INT_CONVERSION = YES;
				CLANG_WARN_NON_LITERAL_NULL_CONVERSION = YES;
				CLANG_WARN_OBJC_IMPLICIT_RETAIN_SELF = YES;
				CLANG_WARN_OBJC_LITERAL_CONVERSION = YES;
				CLANG_WARN_OBJC_ROOT_CLASS = YES_ERROR;
				CLANG_WARN_QUOTED_INCLUDE_IN_FRAMEWORK_HEADER = YES;
				CLANG_WARN_RANGE_LOOP_ANALYSIS = YES;
				CLANG_WARN_STRICT_PROTOTYPES = YES;
				CLANG_WARN_SUSPICIOUS_MOVE = YES;
				CLANG_WARN_UNGUARDED_AVAILABILITY = YES_AGGRESSIVE;
				CLANG_WARN_UNREACHABLE_CODE = YES;
				CLANG_WARN__DUPLICATE_METHOD_MATCH = YES;
				COPY_PHASE_STRIP = NO;
				DEBUG_INFORMATION_FORMAT = "dwarf-with-dsym";
				ENABLE_NS_ASSERTIONS = NO;
				ENABLE_STRICT_OBJC_MSGSEND = YES;
				GCC_C_LANGUAGE_STANDARD = gnu11;
				GCC_NO_COMMON_BLOCKS = YES;
				GCC_WARN_64_TO_32_BIT_CONVERSION = YES;
				GCC_WARN_ABOUT_RETURN_TYPE = YES_ERROR;
				GCC_WARN_UNDECLARED_SELECTOR = YES;
				GCC_WARN_UNINITIALIZED_AUTOS = YES_AGGRESSIVE;
				GCC_WARN_UNUSED_FUNCTION = YES;
				GCC_WARN_UNUSED_VARIABLE = YES;
				IPHONEOS_DEPLOYMENT_TARGET = 14.5;
				MTL_ENABLE_DEBUG_INFO = NO;
				MTL_FAST_MATH = YES;
				SDKROOT = iphoneos;
				SWIFT_COMPILATION_MODE = wholemodule;
				SWIFT_OPTIMIZATION_LEVEL = "-O";
				VALIDATE_PRODUCT = YES;
			};
			name = Release;
		};
		1A16035E2701E5EC00C9F81E /* Debug */ = {
			isa = XCBuildConfiguration;
			buildSettings = {
				ASSETCATALOG_COMPILER_APPICON_NAME = AppIcon;
				ASSETCATALOG_COMPILER_GLOBAL_ACCENT_COLOR_NAME = AccentColor;
				CODE_SIGN_STYLE = Automatic;
				DEVELOPMENT_TEAM = Q3NPDVLASB;
				INFOPLIST_FILE = CarQuizApp/Info.plist;
				IPHONEOS_DEPLOYMENT_TARGET = 13.0;
				LD_RUNPATH_SEARCH_PATHS = (
					"$(inherited)",
					"@executable_path/Frameworks",
				);
				MARKETING_VERSION = 1.03;
				PRODUCT_BUNDLE_IDENTIFIER = com.mayachiu.CarQuizApp;
				PRODUCT_NAME = "$(TARGET_NAME)";
				SWIFT_VERSION = 5.0;
				TARGETED_DEVICE_FAMILY = 1;
			};
			name = Debug;
		};
		1A16035F2701E5EC00C9F81E /* Release */ = {
			isa = XCBuildConfiguration;
			buildSettings = {
				ASSETCATALOG_COMPILER_APPICON_NAME = AppIcon;
				ASSETCATALOG_COMPILER_GLOBAL_ACCENT_COLOR_NAME = AccentColor;
				CODE_SIGN_STYLE = Automatic;
				DEVELOPMENT_TEAM = Q3NPDVLASB;
				INFOPLIST_FILE = CarQuizApp/Info.plist;
				IPHONEOS_DEPLOYMENT_TARGET = 13.0;
				LD_RUNPATH_SEARCH_PATHS = (
					"$(inherited)",
					"@executable_path/Frameworks",
				);
				MARKETING_VERSION = 1.03;
				PRODUCT_BUNDLE_IDENTIFIER = com.mayachiu.CarQuizApp;
				PRODUCT_NAME = "$(TARGET_NAME)";
				SWIFT_VERSION = 5.0;
				TARGETED_DEVICE_FAMILY = 1;
			};
			name = Release;
		};
/* End XCBuildConfiguration section */

/* Begin XCConfigurationList section */
		1A1603442701E5EB00C9F81E /* Build configuration list for PBXProject "CarQuizApp" */ = {
			isa = XCConfigurationList;
			buildConfigurations = (
				1A16035B2701E5EC00C9F81E /* Debug */,
				1A16035C2701E5EC00C9F81E /* Release */,
			);
			defaultConfigurationIsVisible = 0;
			defaultConfigurationName = Release;
		};
		1A16035D2701E5EC00C9F81E /* Build configuration list for PBXNativeTarget "CarQuizApp" */ = {
			isa = XCConfigurationList;
			buildConfigurations = (
				1A16035E2701E5EC00C9F81E /* Debug */,
				1A16035F2701E5EC00C9F81E /* Release */,
			);
			defaultConfigurationIsVisible = 0;
			defaultConfigurationName = Release;
		};
/* End XCConfigurationList section */
	};
	rootObject = 1A1603412701E5EB00C9F81E /* Project object */;
}
